dependencies:
- name: common
  repository: https://kubernetes-charts-incubator.storage.googleapis.com
  version: 0.0.5
- name: mysql
  repository: https://kubernetes-charts.storage.googleapis.com
  version: 1.1.1
- name: mysql
  repository: https://kubernetes-charts.storage.googleapis.com
  version: 1.1.1
- name: mysql
  repository: https://kubernetes-charts.storage.googleapis.com
  version: 1.1.1
- name: mysql
  repository: https://kubernetes-charts.storage.googleapis.com
  version: 1.1.1
- name: atavism-service
  repository: file://ourcharts/atavism-service
  version: 0.0.1
- name: atavism-service
  repository: file://ourcharts/atavism-service
  version: 0.0.1
- name: atavism-service
  repository: file://ourcharts/atavism-service
  version: 0.0.1
- name: atavism-service
  repository: file://ourcharts/atavism-service
  version: 0.0.1
- name: atavism-service
  repository: file://ourcharts/atavism-service
  version: 0.0.1
- name: atavism-service
  repository: file://ourcharts/atavism-service
  version: 0.0.1
- name: atavism-service
  repository: file://ourcharts/atavism-service
  version: 0.0.1
- name: atavism-service
  repository: file://ourcharts/atavism-service
  version: 0.0.1
- name: atavism-service
  repository: file://ourcharts/atavism-service
  version: 0.0.1
- name: atavism-service
  repository: file://ourcharts/atavism-service
  version: 0.0.1
- name: atavism-service
  repository: file://ourcharts/atavism-service
  version: 0.0.1
- name: atavism-service
  repository: file://ourcharts/atavism-service
  version: 0.0.1
digest: sha256:bbfee4e73c27600c72b7a73453b695c4d948e70dca46b37bcd90bad43589b5d3
generated: 2019-06-01T16:54:23.153331+01:00
